
Microsoft Visual Studio Solution File, Format Version 12.00
# Visual Studio Version 17
VisualStudioVersion = 17.0.32014.148
MinimumVisualStudioVersion = 10.0.40219.1
Project("{9A19103F-16F7-4668-BE54-9A1E7A4F7556}") = "ExpressionBuilderCore", "ExpressionBuilderCore\ExpressionBuilderCore.csproj", "{D4346CB4-73AD-41CA-B300-820F72B9037A}"
EndProject
Project("{9A19103F-16F7-4668-BE54-9A1E7A4F7556}") = "ExpressionBuilder.Tests", "ExpressionBuilder.Tests\ExpressionBuilder.Tests.csproj", "{8DE48F44-7D3F-4333-AF48-4DA018340727}"
EndProject
Global
	GlobalSection(SolutionConfigurationPlatforms) = preSolution
		Debug|Any CPU = Debug|Any CPU
		Release|Any CPU = Release|Any CPU
	EndGlobalSection
	GlobalSection(ProjectConfigurationPlatforms) = postSolution
		{D4346CB4-73AD-41CA-B300-820F72B9037A}.Debug|Any CPU.ActiveCfg = Debug|Any CPU
		{D4346CB4-73AD-41CA-B300-820F72B9037A}.Debug|Any CPU.Build.0 = Debug|Any CPU
		{D4346CB4-73AD-41CA-B300-820F72B9037A}.Release|Any CPU.ActiveCfg = Release|Any CPU
		{D4346CB4-73AD-41CA-B300-820F72B9037A}.Release|Any CPU.Build.0 = Release|Any CPU
		{8DE48F44-7D3F-4333-AF48-4DA018340727}.Debug|Any CPU.ActiveCfg = Debug|Any CPU
		{8DE48F44-7D3F-4333-AF48-4DA018340727}.Debug|Any CPU.Build.0 = Debug|Any CPU
		{8DE48F44-7D3F-4333-AF48-4DA018340727}.Release|Any CPU.ActiveCfg = Release|Any CPU
		{8DE48F44-7D3F-4333-AF48-4DA018340727}.Release|Any CPU.Build.0 = Release|Any CPU
	EndGlobalSection
	GlobalSection(SolutionProperties) = preSolution
		HideSolutionNode = FALSE
	EndGlobalSection
	GlobalSection(ExtensibilityGlobals) = postSolution
		SolutionGuid = {431E1793-696F-48C8-BC0D-666D7C52FD8F}
	EndGlobalSection
EndGlobal
